PODS:
  - CocoaLumberjack (3.7.0):
    - CocoaLumberjack/Core (= 3.7.0)
  - CocoaLumberjack/Core (3.7.0)
  - WILog (0.2.1):
    - CocoaLumberjack

DEPENDENCIES:
  - WILog (from `../`)

SPEC REPOS:
  trunk:
    - CocoaLumberjack

EXTERNAL SOURCES:
  WILog:
    :path: "../"

SPEC CHECKSUMS:
  CocoaLumberjack: e8955b9d337ac307103b0a34fd141c32f27e53c5
  WILog: 3f7608fecb95dcb2652654b868a824db2c242ae8

PODFILE CHECKSUM: e5cb9a71ce9049e9e5e98a51f8472c416d960d97

COCOAPODS: 1.11.3
