PODS:
  - WIKit (0.2.5):
    - WIKit/WICore (= 0.2.5)
    - WIUtility
  - WIKit/WICore (0.2.5):
    - WIUtility
  - WILog (1.0.0)
  - WIUtility (0.1.9)

DEPENDENCIES:
  - WIKit
  - WILog (from `../`)

SPEC REPOS:
  trunk:
    - WIKit
    - WIUtility

EXTERNAL SOURCES:
  WILog:
    :path: "../"

SPEC CHECKSUMS:
  WIKit: 472d236a3fe0796fecebc4c02a5b046ac7072ca1
  WILog: e887b714c06af959819d3725b9eaea458236c738
  WIUtility: c08b91aa085b8f7568cfb71ff93e0bae9eb34769

PODFILE CHECKSUM: d84c4d30ae489ed9b2d17750c4662e20e4d1900d

COCOAPODS: 1.11.3
